
Microsoft Visual Studio Solution File, Format Version 10.00
# Visual Studio 2008
Project("{8BC9CEB8-8B4A-11D0-8D11-00A0C91BC942}") = "image_visualization", "image_visualization\image_visualization.vcproj", "{FB7122B1-A096-40BB-AF33-550D45E4BAFA}"
EndProject
Global
	GlobalSection(SolutionConfigurationPlatforms) = preSolution
		Debug|Win32 = Debug|Win32
		Release|Win32 = Release|Win32
	EndGlobalSection
	GlobalSection(ProjectConfigurationPlatforms) = postSolution
		{FB7122B1-A096-40BB-AF33-550D45E4BAFA}.Debug|Win32.ActiveCfg = Debug|Win32
		{FB7122B1-A096-40BB-AF33-550D45E4BAFA}.Debug|Win32.Build.0 = Debug|Win32
		{FB7122B1-A096-40BB-AF33-550D45E4BAFA}.Release|Win32.ActiveCfg = Release|Win32
		{FB7122B1-A096-40BB-AF33-550D45E4BAFA}.Release|Win32.Build.0 = Release|Win32
	EndGlobalSection
	GlobalSection(SolutionProperties) = preSolution
		HideSolutionNode = FALSE
	EndGlobalSection
EndGlobal
